
Microsoft Visual Studio Solution File, Format Version 12.00
# Visual Studio Version 17
VisualStudioVersion = 17.13.35825.156 d17.13
MinimumVisualStudioVersion = 10.0.40219.1
Project("{FAE04EC0-301F-11D3-BF4B-00C04F79EFBC}") = "VideoGame", "VideoGame.csproj", "{0EC7F407-0EE2-40B7-94AA-D03ED0A24F09}"
EndProject
Global
	GlobalSection(SolutionConfigurationPlatforms) = preSolution
		Debug|Any CPU = Debug|Any CPU
		Release|Any CPU = Release|Any CPU
	EndGlobalSection
	GlobalSection(ProjectConfigurationPlatforms) = postSolution
		{0EC7F407-0EE2-40B7-94AA-D03ED0A24F09}.Debug|Any CPU.ActiveCfg = Debug|Any CPU
		{0EC7F407-0EE2-40B7-94AA-D03ED0A24F09}.Debug|Any CPU.Build.0 = Debug|Any CPU
		{0EC7F407-0EE2-40B7-94AA-D03ED0A24F09}.Release|Any CPU.ActiveCfg = Release|Any CPU
		{0EC7F407-0EE2-40B7-94AA-D03ED0A24F09}.Release|Any CPU.Build.0 = Release|Any CPU
	EndGlobalSection
	GlobalSection(SolutionProperties) = preSolution
		HideSolutionNode = FALSE
	EndGlobalSection
	GlobalSection(ExtensibilityGlobals) = postSolution
		SolutionGuid = {9DE57338-A945-416E-B3F0-559BD14DAA77}
	EndGlobalSection
EndGlobal
